# This file was autogenerated by Stack.
# You should not edit this file by hand.
# For more information, please see the documentation at:
#   https://docs.haskellstack.org/en/stable/lock_files

packages:
- completed:
    hackage: conferer-source-yaml-0.4.0.1@sha256:7e9bb3f0e75aba1483a4a3699b04f8579bc4c070680fb3fe8932ce8a2af1df8c,1543
    pantry-tree:
      size: 330
      sha256: 07ae500db1acb1b3fe458012ab11e2928f7d0308868d40603bb3a82bf10f84cf
  original:
    hackage: conferer-source-yaml-0.4.0.1
- completed:
    hackage: validation-selective-0.1.0.1@sha256:9a5aa8b801efc6a4ffb120e1b28e80c5f7d090043be56bba11222cd20c393044,3621
    pantry-tree:
      size: 696
      sha256: bf72fe4304690da4b5bc6e5218b0f90b5613e7d658f3ce31731816a423fcbca6
  original:
    hackage: validation-selective-0.1.0.1
- completed:
    hackage: selective-0.4.2@sha256:d223434ba4545a09b02dbdc7a4d63bd41ef40cc3d3d82883ccc6daea9d2b2dd5,3507
    pantry-tree:
      size: 1160
      sha256: 38f9abe506185137433e9620f702efc40aae7aaab8d3797ceb0b31fc3342ec32
  original:
    hackage: selective-0.4.2
snapshots:
- completed:
    size: 612141
    url: https://raw.githubusercontent.com/commercialhaskell/stackage-snapshots/master/nightly/2022/2/27.yaml
    sha256: e3aa2c2a8516aa3a3889ea005cce9cfdd331358060a21df3cfbc2c4f94edf4e2
  original: nightly-2022-02-27
