# This file was autogenerated by Stack.
# You should not edit this file by hand.
# For more information, please see the documentation at:
#   https://docs.haskellstack.org/en/stable/lock_files

packages:
- completed:
    hackage: conferer-source-yaml-0.4.0.1@sha256:7e9bb3f0e75aba1483a4a3699b04f8579bc4c070680fb3fe8932ce8a2af1df8c,1543
    pantry-tree:
      size: 330
      sha256: 07ae500db1acb1b3fe458012ab11e2928f7d0308868d40603bb3a82bf10f84cf
  original:
    hackage: conferer-source-yaml-0.4.0.1
snapshots:
- completed:
    size: 586286
    url: https://raw.githubusercontent.com/commercialhaskell/stackage-snapshots/master/lts/18/15.yaml
    sha256: 2c9cb11d7aa0656bf28672dcb2414ab21e3ba9ea83ca170c216b2c2fc7e55856
  original: lts-18.15
