# This file was autogenerated by Stack.
# You should not edit this file by hand.
# For more information, please see the documentation at:
#   https://docs.haskellstack.org/en/stable/lock_files

packages:
- completed:
    hackage: conferer-source-yaml-0.4.0.1@sha256:7e9bb3f0e75aba1483a4a3699b04f8579bc4c070680fb3fe8932ce8a2af1df8c,1543
    pantry-tree:
      size: 330
      sha256: 07ae500db1acb1b3fe458012ab11e2928f7d0308868d40603bb3a82bf10f84cf
  original:
    hackage: conferer-source-yaml-0.4.0.1
snapshots:
- completed:
    size: 594195
    url: https://raw.githubusercontent.com/commercialhaskell/stackage-snapshots/master/nightly/2021/10/29.yaml
    sha256: 6eca2192c85fa4df1f93ac039285d960db6ccad2a786729ef10df4f0537ae929
  original: nightly-2021-10-29
